
Microsoft Visual Studio Solution File, Format Version 12.00
# Visual Studio 15
VisualStudioVersion = 15.0.28307.705
MinimumVisualStudioVersion = 10.0.40219.1
Project("{FAE04EC0-301F-11D3-BF4B-00C04F79EFBC}") = "Cs", "Cs\Cs.csproj", "{8B88FB72-0B65-4FE4-8356-CC7999C2967F}"
EndProject
Global
	GlobalSection(SolutionConfigurationPlatforms) = preSolution
		Debug|Any CPU = Debug|Any CPU
		Release|Any CPU = Release|Any CPU
	EndGlobalSection
	GlobalSection(ProjectConfigurationPlatforms) = postSolution
		{8B88FB72-0B65-4FE4-8356-CC7999C2967F}.Debug|Any CPU.ActiveCfg = Debug|Any CPU
		{8B88FB72-0B65-4FE4-8356-CC7999C2967F}.Debug|Any CPU.Build.0 = Debug|Any CPU
		{8B88FB72-0B65-4FE4-8356-CC7999C2967F}.Release|Any CPU.ActiveCfg = Release|Any CPU
		{8B88FB72-0B65-4FE4-8356-CC7999C2967F}.Release|Any CPU.Build.0 = Release|Any CPU
	EndGlobalSection
	GlobalSection(SolutionProperties) = preSolution
		HideSolutionNode = FALSE
	EndGlobalSection
	GlobalSection(ExtensibilityGlobals) = postSolution
		SolutionGuid = {B006B22A-2C79-4C7B-8060-0B3216260659}
	EndGlobalSection
EndGlobal
